// !$*UTF8*$!
{
	archiveVersion = 1;
	classes = {
	};
	objectVersion = 77;
	objects = {

/* Begin PBXContainerItemProxy section */
		DD4E12372DF46AF600120968 /* PBXContainerItemProxy */ = {
			isa = PBXContainerItemProxy;
			containerPortal = DD4E12212DF46AF500120968 /* Project object */;
			proxyType = 1;
			remoteGlobalIDString = DD4E12282DF46AF500120968;
			remoteInfo = "Checklist Manifesto v2";
		};
		DD4E12412DF46AF600120968 /* PBXContainerItemProxy */ = {
			isa = PBXContainerItemProxy;
			containerPortal = DD4E12212DF46AF500120968 /* Project object */;
			proxyType = 1;
			remoteGlobalIDString = DD4E12282DF46AF500120968;
			remoteInfo = "Checklist Manifesto v2";
		};
/* End PBXContainerItemProxy section */

/* Begin PBXFileReference section */
		DD4E12292DF46AF500120968 /* Checklist Manifesto v2.app */ = {isa = PBXFileReference; explicitFileType = wrapper.application; includeInIndex = 0; path = "Checklist Manifesto v2.app"; sourceTree = BUILT_PRODUCTS_DIR; };
		DD4E12362DF46AF600120968 /* Checklist Manifesto v2Tests.xctest */ = {isa = PBXFileReference; explicitFileType = wrapper.cfbundle; includeInIndex = 0; path = "Checklist Manifesto v2Tests.xctest"; sourceTree = BUILT_PRODUCTS_DIR; };
		DD4E12402DF46AF600120968 /* Checklist Manifesto v2UITests.xctest */ = {isa = PBXFileReference; explicitFileType = wrapper.cfbundle; includeInIndex = 0; path = "Checklist Manifesto v2UITests.xctest"; sourceTree = BUILT_PRODUCTS_DIR; };
/* End PBXFileReference section */

/* Begin PBXFileSystemSynchronizedRootGroup section */
		DD4E122B2DF46AF500120968 /* Checklist Manifesto v2 */ = {
			isa = PBXFileSystemSynchronizedRootGroup;
			path = "Checklist Manifesto v2";
			sourceTree = "<group>";
		};
		DD4E12392DF46AF600120968 /* Checklist Manifesto v2Tests */ = {
			isa = PBXFileSystemSynchronizedRootGroup;
			path = "Checklist Manifesto v2Tests";
			sourceTree = "<group>";
		};
		DD4E12432DF46AF600120968 /* Checklist Manifesto v2UITests */ = {
			isa = PBXFileSystemSynchronizedRootGroup;
			path = "Checklist Manifesto v2UITests";
			sourceTree = "<group>";
		};
/* End PBXFileSystemSynchronizedRootGroup section */

/* Begin PBXFrameworksBuildPhase section */
		DD4E12262DF46AF500120968 /* Frameworks */ = {
			isa = PBXFrameworksBuildPhase;
			buildActionMask = 2147483647;
			files = (
			);
			runOnlyForDeploymentPostprocessing = 0;
		};
		DD4E12332DF46AF600120968 /* Frameworks */ = {
			isa = PBXFrameworksBuildPhase;
			buildActionMask = 2147483647;
			files = (
			);
			runOnlyForDeploymentPostprocessing = 0;
		};
		DD4E123D2DF46AF600120968 /* Frameworks */ = {
			isa = PBXFrameworksBuildPhase;
			buildActionMask = 2147483647;
			files = (
			);
			runOnlyForDeploymentPostprocessing = 0;
		};
/* End PBXFrameworksBuildPhase section */

/* Begin PBXGroup section */
		DD4E12202DF46AF500120968 = {
			isa = PBXGroup;
			children = (
				DD4E122B2DF46AF500120968 /* Checklist Manifesto v2 */,
				DD4E12392DF46AF600120968 /* Checklist Manifesto v2Tests */,
				DD4E12432DF46AF600120968 /* Checklist Manifesto v2UITests */,
				DD4E122A2DF46AF500120968 /* Products */,
			);
			sourceTree = "<group>";
		};
		DD4E122A2DF46AF500120968 /* Products */ = {
			isa = PBXGroup;
			children = (
				DD4E12292DF46AF500120968 /* Checklist Manifesto v2.app */,
				DD4E12362DF46AF600120968 /* Checklist Manifesto v2Tests.xctest */,
				DD4E12402DF46AF600120968 /* Checklist Manifesto v2UITests.xctest */,
			);
			name = Products;
			sourceTree = "<group>";
		};
/* End PBXGroup section */

/* Begin PBXNativeTarget section */
		DD4E12282DF46AF500120968 /* Checklist Manifesto v2 */ = {
			isa = PBXNativeTarget;
			buildConfigurationList = DD4E124A2DF46AF600120968 /* Build configuration list for PBXNativeTarget "Checklist Manifesto v2" */;
			buildPhases = (
				DD4E12252DF46AF500120968 /* Sources */,
				DD4E12262DF46AF500120968 /* Frameworks */,
				DD4E12272DF46AF500120968 /* Resources */,
			);
			buildRules = (
			);
			dependencies = (
			);
			fileSystemSynchronizedGroups = (
				DD4E122B2DF46AF500120968 /* Checklist Manifesto v2 */,
			);
			name = "Checklist Manifesto v2";
			packageProductDependencies = (
			);
			productName = "Checklist Manifesto v2";
			productReference = DD4E12292DF46AF500120968 /* Checklist Manifesto v2.app */;
			productType = "com.apple.product-type.application";
		};
		DD4E12352DF46AF600120968 /* Checklist Manifesto v2Tests */ = {
			isa = PBXNativeTarget;
			buildConfigurationList = DD4E124D2DF46AF600120968 /* Build configuration list for PBXNativeTarget "Checklist Manifesto v2Tests" */;
			buildPhases = (
				DD4E12322DF46AF600120968 /* Sources */,
				DD4E12332DF46AF600120968 /* Frameworks */,
				DD4E12342DF46AF600120968 /* Resources */,
			);
			buildRules = (
			);
			dependencies = (
				DD4E12382DF46AF600120968 /* PBXTargetDependency */,
			);
			fileSystemSynchronizedGroups = (
				DD4E12392DF46AF600120968 /* Checklist Manifesto v2Tests */,
			);
			name = "Checklist Manifesto v2Tests";
			packageProductDependencies = (
			);
			productName = "Checklist Manifesto v2Tests";
			productReference = DD4E12362DF46AF600120968 /* Checklist Manifesto v2Tests.xctest */;
			productType = "com.apple.product-type.bundle.unit-test";
		};
		DD4E123F2DF46AF600120968 /* Checklist Manifesto v2UITests */ = {
			isa = PBXNativeTarget;
			buildConfigurationList = DD4E12502DF46AF600120968 /* Build configuration list for PBXNativeTarget "Checklist Manifesto v2UITests" */;
			buildPhases = (
				DD4E123C2DF46AF600120968 /* Sources */,
				DD4E123D2DF46AF600120968 /* Frameworks */,
				DD4E123E2DF46AF600120968 /* Resources */,
			);
			buildRules = (
			);
			dependencies = (
				DD4E12422DF46AF600120968 /* PBXTargetDependency */,
			);
			fileSystemSynchronizedGroups = (
				DD4E12432DF46AF600120968 /* Checklist Manifesto v2UITests */,
			);
			name = "Checklist Manifesto v2UITests";
			packageProductDependencies = (
			);
			productName = "Checklist Manifesto v2UITests";
			productReference = DD4E12402DF46AF600120968 /* Checklist Manifesto v2UITests.xctest */;
			productType = "com.apple.product-type.bundle.ui-testing";
		};
/* End PBXNativeTarget section */

/* Begin PBXProject section */
		DD4E12212DF46AF500120968 /* Project object */ = {
			isa = PBXProject;
			attributes = {
				BuildIndependentTargetsInParallel = 1;
				LastSwiftUpdateCheck = 1630;
				LastUpgradeCheck = 1630;
				TargetAttributes = {
					DD4E12282DF46AF500120968 = {
						CreatedOnToolsVersion = 16.3;
					};
					DD4E12352DF46AF600120968 = {
						CreatedOnToolsVersion = 16.3;
						TestTargetID = DD4E12282DF46AF500120968;
					};
					DD4E123F2DF46AF600120968 = {
						CreatedOnToolsVersion = 16.3;
						TestTargetID = DD4E12282DF46AF500120968;
					};
				};
			};
			buildConfigurationList = DD4E12242DF46AF500120968 /* Build configuration list for PBXProject "Checklist Manifesto v2" */;
			developmentRegion = en;
			hasScannedForEncodings = 0;
			knownRegions = (
				en,
				Base,
			);
			mainGroup = DD4E12202DF46AF500120968;
			minimizedProjectReferenceProxies = 1;
			preferredProjectObjectVersion = 77;
			productRefGroup = DD4E122A2DF46AF500120968 /* Products */;
			projectDirPath = "";
			projectRoot = "";
			targets = (
				DD4E12282DF46AF500120968 /* Checklist Manifesto v2 */,
				DD4E12352DF46AF600120968 /* Checklist Manifesto v2Tests */,
				DD4E123F2DF46AF600120968 /* Checklist Manifesto v2UITests */,
			);
		};
/* End PBXProject section */

/* Begin PBXResourcesBuildPhase section */
		DD4E12272DF46AF500120968 /* Resources */ = {
			isa = PBXResourcesBuildPhase;
			buildActionMask = 2147483647;
			files = (
			);
			runOnlyForDeploymentPostprocessing = 0;
		};
		DD4E12342DF46AF600120968 /* Resources */ = {
			isa = PBXResourcesBuildPhase;
			buildActionMask = 2147483647;
			files = (
			);
			runOnlyForDeploymentPostprocessing = 0;
		};
		DD4E123E2DF46AF600120968 /* Resources */ = {
			isa = PBXResourcesBuildPhase;
			buildActionMask = 2147483647;
			files = (
			);
			runOnlyForDeploymentPostprocessing = 0;
		};
/* End PBXResourcesBuildPhase section */

/* Begin PBXSourcesBuildPhase section */
		DD4E12252DF46AF500120968 /* Sources */ = {
			isa = PBXSourcesBuildPhase;
			buildActionMask = 2147483647;
			files = (
			);
			runOnlyForDeploymentPostprocessing = 0;
		};
		DD4E12322DF46AF600120968 /* Sources */ = {
			isa = PBXSourcesBuildPhase;
			buildActionMask = 2147483647;
			files = (
			);
			runOnlyForDeploymentPostprocessing = 0;
		};
		DD4E123C2DF46AF600120968 /* Sources */ = {
			isa = PBXSourcesBuildPhase;
			buildActionMask = 2147483647;
			files = (
			);
			runOnlyForDeploymentPostprocessing = 0;
		};
/* End PBXSourcesBuildPhase section */

/* Begin PBXTargetDependency section */
		DD4E12382DF46AF600120968 /* PBXTargetDependency */ = {
			isa = PBXTargetDependency;
			target = DD4E12282DF46AF500120968 /* Checklist Manifesto v2 */;
			targetProxy = DD4E12372DF46AF600120968 /* PBXContainerItemProxy */;
		};
		DD4E12422DF46AF600120968 /* PBXTargetDependency */ = {
			isa = PBXTargetDependency;
			target = DD4E12282DF46AF500120968 /* Checklist Manifesto v2 */;
			targetProxy = DD4E12412DF46AF600120968 /* PBXContainerItemProxy */;
		};
/* End PBXTargetDependency section */

/* Begin XCBuildConfiguration section */
		DD4E12482DF46AF600120968 /* Debug */ = {
			isa = XCBuildConfiguration;
			buildSettings = {
				ALWAYS_SEARCH_USER_PATHS = NO;
				ASSETCATALOG_COMPILER_GENERATE_SWIFT_ASSET_SYMBOL_EXTENSIONS = YES;
				CLANG_ANALYZER_NONNULL = YES;
				CLANG_ANALYZER_NUMBER_OBJECT_CONVERSION = YES_AGGRESSIVE;
				CLANG_CXX_LANGUAGE_STANDARD = "gnu++20";
				CLANG_ENABLE_MODULES = YES;
				CLANG_ENABLE_OBJC_ARC = YES;
				CLANG_ENABLE_OBJC_WEAK = YES;
				CLANG_WARN_BLOCK_CAPTURE_AUTORELEASING = YES;
				CLANG_WARN_BOOL_CONVERSION = YES;
				CLANG_WARN_COMMA = YES;
				CLANG_WARN_CONSTANT_CONVERSION = YES;
				CLANG_WARN_DEPRECATED_OBJC_IMPLEMENTATIONS = YES;
				CLANG_WARN_DIRECT_OBJC_ISA_USAGE = YES_ERROR;
				CLANG_WARN_DOCUMENTATION_COMMENTS = YES;
				CLANG_WARN_EMPTY_BODY = YES;
				CLANG_WARN_ENUM_CONVERSION = YES;
				CLANG_WARN_INFINITE_RECURSION = YES;
				CLANG_WARN_INT_CONVERSION = YES;
				CLANG_WARN_NON_LITERAL_NULL_CONVERSION = YES;
				CLANG_WARN_OBJC_IMPLICIT_RETAIN_SELF = YES;
				CLANG_WARN_OBJC_LITERAL_CONVERSION = YES;
				CLANG_WARN_OBJC_ROOT_CLASS = YES_ERROR;
				CLANG_WARN_QUOTED_INCLUDE_IN_FRAMEWORK_HEADER = YES;
				CLANG_WARN_RANGE_LOOP_ANALYSIS = YES;
				CLANG_WARN_STRICT_PROTOTYPES = YES;
				CLANG_WARN_SUSPICIOUS_MOVE = YES;
				CLANG_WARN_UNGUARDED_AVAILABILITY = YES_AGGRESSIVE;
				CLANG_WARN_UNREACHABLE_CODE = YES;
				CLANG_WARN__DUPLICATE_METHOD_MATCH = YES;
				COPY_PHASE_STRIP = NO;
				DEBUG_INFORMATION_FORMAT = dwarf;
				DEVELOPMENT_TEAM = 5R2D4Y969H;
				ENABLE_STRICT_OBJC_MSGSEND = YES;
				ENABLE_TESTABILITY = YES;
				ENABLE_USER_SCRIPT_SANDBOXING = YES;
				GCC_C_LANGUAGE_STANDARD = gnu17;
				GCC_DYNAMIC_NO_PIC = NO;
				GCC_NO_COMMON_BLOCKS = YES;
				GCC_OPTIMIZATION_LEVEL = 0;
				GCC_PREPROCESSOR_DEFINITIONS = (
					"DEBUG=1",
					"$(inherited)",
				);
				GCC_WARN_64_TO_32_BIT_CONVERSION = YES;
				GCC_WARN_ABOUT_RETURN_TYPE = YES_ERROR;
				GCC_WARN_UNDECLARED_SELECTOR = YES;
				GCC_WARN_UNINITIALIZED_AUTOS = YES_AGGRESSIVE;
				GCC_WARN_UNUSED_FUNCTION = YES;
				GCC_WARN_UNUSED_VARIABLE = YES;
				IPHONEOS_DEPLOYMENT_TARGET = 18.4;
				LOCALIZATION_PREFERS_STRING_CATALOGS = YES;
				MTL_ENABLE_DEBUG_INFO = INCLUDE_SOURCE;
				MTL_FAST_MATH = YES;
				ONLY_ACTIVE_ARCH = YES;
				SDKROOT = iphoneos;
				SWIFT_ACTIVE_COMPILATION_CONDITIONS = "DEBUG $(inherited)";
				SWIFT_OPTIMIZATION_LEVEL = "-Onone";
			};
			name = Debug;
		};
		DD4E12492DF46AF600120968 /* Release */ = {
			isa = XCBuildConfiguration;
			buildSettings = {
				ALWAYS_SEARCH_USER_PATHS = NO;
				ASSETCATALOG_COMPILER_GENERATE_SWIFT_ASSET_SYMBOL_EXTENSIONS = YES;
				CLANG_ANALYZER_NONNULL = YES;
				CLANG_ANALYZER_NUMBER_OBJECT_CONVERSION = YES_AGGRESSIVE;
				CLANG_CXX_LANGUAGE_STANDARD = "gnu++20";
				CLANG_ENABLE_MODULES = YES;
				CLANG_ENABLE_OBJC_ARC = YES;
				CLANG_ENABLE_OBJC_WEAK = YES;
				CLANG_WARN_BLOCK_CAPTURE_AUTORELEASING = YES;
				CLANG_WARN_BOOL_CONVERSION = YES;
				CLANG_WARN_COMMA = YES;
				CLANG_WARN_CONSTANT_CONVERSION = YES;
				CLANG_WARN_DEPRECATED_OBJC_IMPLEMENTATIONS = YES;
				CLANG_WARN_DIRECT_OBJC_ISA_USAGE = YES_ERROR;
				CLANG_WARN_DOCUMENTATION_COMMENTS = YES;
				CLANG_WARN_EMPTY_BODY = YES;
				CLANG_WARN_ENUM_CONVERSION = YES;
				CLANG_WARN_INFINITE_RECURSION = YES;
				CLANG_WARN_INT_CONVERSION = YES;
				CLANG_WARN_NON_LITERAL_NULL_CONVERSION = YES;
				CLANG_WARN_OBJC_IMPLICIT_RETAIN_SELF = YES;
				CLANG_WARN_OBJC_LITERAL_CONVERSION = YES;
				CLANG_WARN_OBJC_ROOT_CLASS = YES_ERROR;
				CLANG_WARN_QUOTED_INCLUDE_IN_FRAMEWORK_HEADER = YES;
				CLANG_WARN_RANGE_LOOP_ANALYSIS = YES;
				CLANG_WARN_STRICT_PROTOTYPES = YES;
				CLANG_WARN_SUSPICIOUS_MOVE = YES;
				CLANG_WARN_UNGUARDED_AVAILABILITY = YES_AGGRESSIVE;
				CLANG_WARN_UNREACHABLE_CODE = YES;
				CLANG_WARN__DUPLICATE_METHOD_MATCH = YES;
				COPY_PHASE_STRIP = NO;
				DEBUG_INFORMATION_FORMAT = "dwarf-with-dsym";
				DEVELOPMENT_TEAM = 5R2D4Y969H;
				ENABLE_NS_ASSERTIONS = NO;
				ENABLE_STRICT_OBJC_MSGSEND = YES;
				ENABLE_USER_SCRIPT_SANDBOXING = YES;
				GCC_C_LANGUAGE_STANDARD = gnu17;
				GCC_NO_COMMON_BLOCKS = YES;
				GCC_WARN_64_TO_32_BIT_CONVERSION = YES;
				GCC_WARN_ABOUT_RETURN_TYPE = YES_ERROR;
				GCC_WARN_UNDECLARED_SELECTOR = YES;
				GCC_WARN_UNINITIALIZED_AUTOS = YES_AGGRESSIVE;
				GCC_WARN_UNUSED_FUNCTION = YES;
				GCC_WARN_UNUSED_VARIABLE = YES;
				IPHONEOS_DEPLOYMENT_TARGET = 18.4;
				LOCALIZATION_PREFERS_STRING_CATALOGS = YES;
				MTL_ENABLE_DEBUG_INFO = NO;
				MTL_FAST_MATH = YES;
				SDKROOT = iphoneos;
				SWIFT_COMPILATION_MODE = wholemodule;
				VALIDATE_PRODUCT = YES;
			};
			name = Release;
		};
		DD4E124B2DF46AF600120968 /* Debug */ = {
			isa = XCBuildConfiguration;
			buildSettings = {
				ASSETCATALOG_COMPILER_APPICON_NAME = AppIcon;
				ASSETCATALOG_COMPILER_GLOBAL_ACCENT_COLOR_NAME = AccentColor;
				CODE_SIGN_STYLE = Automatic;
				CURRENT_PROJECT_VERSION = 1;
				DEVELOPMENT_TEAM = 5R2D4Y969H;
				ENABLE_PREVIEWS = YES;
				GENERATE_INFOPLIST_FILE = YES;
				INFOPLIST_KEY_UIApplicationSceneManifest_Generation = YES;
				INFOPLIST_KEY_UIApplicationSupportsIndirectInputEvents = YES;
				INFOPLIST_KEY_UILaunchScreen_Generation = YES;
				INFOPLIST_KEY_UISupportedInterfaceOrientations_iPad = "UIInterfaceOrientationPortrait UIInterfaceOrientationPortraitUpsideDown UIInterfaceOrientationLandscapeLeft UIInterfaceOrientationLandscapeRight";
				INFOPLIST_KEY_UISupportedInterfaceOrientations_iPhone = "UIInterfaceOrientationPortrait UIInterfaceOrientationLandscapeLeft UIInterfaceOrientationLandscapeRight";
				LD_RUNPATH_SEARCH_PATHS = (
					"$(inherited)",
					"@executable_path/Frameworks",
				);
				MARKETING_VERSION = 1.0;
				PRODUCT_BUNDLE_IDENTIFIER = "AOTondra.Checklist-Manifesto-v2";
				PRODUCT_NAME = "$(TARGET_NAME)";
				SWIFT_EMIT_LOC_STRINGS = YES;
				SWIFT_VERSION = 5.0;
				TARGETED_DEVICE_FAMILY = "1,2";
			};
			name = Debug;
		};
		DD4E124C2DF46AF600120968 /* Release */ = {
			isa = XCBuildConfiguration;
			buildSettings = {
				ASSETCATALOG_COMPILER_APPICON_NAME = AppIcon;
				ASSETCATALOG_COMPILER_GLOBAL_ACCENT_COLOR_NAME = AccentColor;
				CODE_SIGN_STYLE = Automatic;
				CURRENT_PROJECT_VERSION = 1;
				DEVELOPMENT_TEAM = 5R2D4Y969H;
				ENABLE_PREVIEWS = YES;
				GENERATE_INFOPLIST_FILE = YES;
				INFOPLIST_KEY_UIApplicationSceneManifest_Generation = YES;
				INFOPLIST_KEY_UIApplicationSupportsIndirectInputEvents = YES;
				INFOPLIST_KEY_UILaunchScreen_Generation = YES;
				INFOPLIST_KEY_UISupportedInterfaceOrientations_iPad = "UIInterfaceOrientationPortrait UIInterfaceOrientationPortraitUpsideDown UIInterfaceOrientationLandscapeLeft UIInterfaceOrientationLandscapeRight";
				INFOPLIST_KEY_UISupportedInterfaceOrientations_iPhone = "UIInterfaceOrientationPortrait UIInterfaceOrientationLandscapeLeft UIInterfaceOrientationLandscapeRight";
				LD_RUNPATH_SEARCH_PATHS = (
					"$(inherited)",
					"@executable_path/Frameworks",
				);
				MARKETING_VERSION = 1.0;
				PRODUCT_BUNDLE_IDENTIFIER = "AOTondra.Checklist-Manifesto-v2";
				PRODUCT_NAME = "$(TARGET_NAME)";
				SWIFT_EMIT_LOC_STRINGS = YES;
				SWIFT_VERSION = 5.0;
				TARGETED_DEVICE_FAMILY = "1,2";
			};
			name = Release;
		};
		DD4E124E2DF46AF600120968 /* Debug */ = {
			isa = XCBuildConfiguration;
			buildSettings = {
				BUNDLE_LOADER = "$(TEST_HOST)";
				CODE_SIGN_STYLE = Automatic;
				CURRENT_PROJECT_VERSION = 1;
				DEVELOPMENT_TEAM = 5R2D4Y969H;
				GENERATE_INFOPLIST_FILE = YES;
				IPHONEOS_DEPLOYMENT_TARGET = 18.4;
				MARKETING_VERSION = 1.0;
				PRODUCT_BUNDLE_IDENTIFIER = "AOTondra.Checklist-Manifesto-v2Tests";
				PRODUCT_NAME = "$(TARGET_NAME)";
				SWIFT_EMIT_LOC_STRINGS = NO;
				SWIFT_VERSION = 5.0;
				TARGETED_DEVICE_FAMILY = "1,2";
				TEST_HOST = "$(BUILT_PRODUCTS_DIR)/Checklist Manifesto v2.app/$(BUNDLE_EXECUTABLE_FOLDER_PATH)/Checklist Manifesto v2";
			};
			name = Debug;
		};
		DD4E124F2DF46AF600120968 /* Release */ = {
			isa = XCBuildConfiguration;
			buildSettings = {
				BUNDLE_LOADER = "$(TEST_HOST)";
				CODE_SIGN_STYLE = Automatic;
				CURRENT_PROJECT_VERSION = 1;
				DEVELOPMENT_TEAM = 5R2D4Y969H;
				GENERATE_INFOPLIST_FILE = YES;
				IPHONEOS_DEPLOYMENT_TARGET = 18.4;
				MARKETING_VERSION = 1.0;
				PRODUCT_BUNDLE_IDENTIFIER = "AOTondra.Checklist-Manifesto-v2Tests";
				PRODUCT_NAME = "$(TARGET_NAME)";
				SWIFT_EMIT_LOC_STRINGS = NO;
				SWIFT_VERSION = 5.0;
				TARGETED_DEVICE_FAMILY = "1,2";
				TEST_HOST = "$(BUILT_PRODUCTS_DIR)/Checklist Manifesto v2.app/$(BUNDLE_EXECUTABLE_FOLDER_PATH)/Checklist Manifesto v2";
			};
			name = Release;
		};
		DD4E12512DF46AF600120968 /* Debug */ = {
			isa = XCBuildConfiguration;
			buildSettings = {
				CODE_SIGN_STYLE = Automatic;
				CURRENT_PROJECT_VERSION = 1;
				DEVELOPMENT_TEAM = 5R2D4Y969H;
				GENERATE_INFOPLIST_FILE = YES;
				MARKETING_VERSION = 1.0;
				PRODUCT_BUNDLE_IDENTIFIER = "AOTondra.Checklist-Manifesto-v2UITests";
				PRODUCT_NAME = "$(TARGET_NAME)";
				SWIFT_EMIT_LOC_STRINGS = NO;
				SWIFT_VERSION = 5.0;
				TARGETED_DEVICE_FAMILY = "1,2";
				TEST_TARGET_NAME = "Checklist Manifesto v2";
			};
			name = Debug;
		};
		DD4E12522DF46AF600120968 /* Release */ = {
			isa = XCBuildConfiguration;
			buildSettings = {
				CODE_SIGN_STYLE = Automatic;
				CURRENT_PROJECT_VERSION = 1;
				DEVELOPMENT_TEAM = 5R2D4Y969H;
				GENERATE_INFOPLIST_FILE = YES;
				MARKETING_VERSION = 1.0;
				PRODUCT_BUNDLE_IDENTIFIER = "AOTondra.Checklist-Manifesto-v2UITests";
				PRODUCT_NAME = "$(TARGET_NAME)";
				SWIFT_EMIT_LOC_STRINGS = NO;
				SWIFT_VERSION = 5.0;
				TARGETED_DEVICE_FAMILY = "1,2";
				TEST_TARGET_NAME = "Checklist Manifesto v2";
			};
			name = Release;
		};
/* End XCBuildConfiguration section */

/* Begin XCConfigurationList section */
		DD4E12242DF46AF500120968 /* Build configuration list for PBXProject "Checklist Manifesto v2" */ = {
			isa = XCConfigurationList;
			buildConfigurations = (
				DD4E12482DF46AF600120968 /* Debug */,
				DD4E12492DF46AF600120968 /* Release */,
			);
			defaultConfigurationIsVisible = 0;
			defaultConfigurationName = Release;
		};
		DD4E124A2DF46AF600120968 /* Build configuration list for PBXNativeTarget "Checklist Manifesto v2" */ = {
			isa = XCConfigurationList;
			buildConfigurations = (
				DD4E124B2DF46AF600120968 /* Debug */,
				DD4E124C2DF46AF600120968 /* Release */,
			);
			defaultConfigurationIsVisible = 0;
			defaultConfigurationName = Release;
		};
		DD4E124D2DF46AF600120968 /* Build configuration list for PBXNativeTarget "Checklist Manifesto v2Tests" */ = {
			isa = XCConfigurationList;
			buildConfigurations = (
				DD4E124E2DF46AF600120968 /* Debug */,
				DD4E124F2DF46AF600120968 /* Release */,
			);
			defaultConfigurationIsVisible = 0;
			defaultConfigurationName = Release;
		};
		DD4E12502DF46AF600120968 /* Build configuration list for PBXNativeTarget "Checklist Manifesto v2UITests" */ = {
			isa = XCConfigurationList;
			buildConfigurations = (
				DD4E12512DF46AF600120968 /* Debug */,
				DD4E12522DF46AF600120968 /* Release */,
			);
			defaultConfigurationIsVisible = 0;
			defaultConfigurationName = Release;
		};
/* End XCConfigurationList section */
	};
	rootObject = DD4E12212DF46AF500120968 /* Project object */;
}
